// !$*UTF8*$!
{
	archiveVersion = 1;
	classes = {
	};
	objectVersion = 56;
	objects = {

/* Begin PBXBuildFile section */
		6987A96E2A79E54200F5DC84 /* SwiftGramApp.swift in Sources */ = {isa = PBXBuildFile; fileRef = 6987A96D2A79E54200F5DC84 /* SwiftGramApp.swift */; };
		6987A9702A79E54200F5DC84 /* ContentView.swift in Sources */ = {isa = PBXBuildFile; fileRef = 6987A96F2A79E54200F5DC84 /* ContentView.swift */; };
		6987A9722A79E54200F5DC84 /* Item.swift in Sources */ = {isa = PBXBuildFile; fileRef = 6987A9712A79E54200F5DC84 /* Item.swift */; };
		6987A9742A79E54500F5DC84 /* Assets.xcassets in Resources */ = {isa = PBXBuildFile; fileRef = 6987A9732A79E54500F5DC84 /* Assets.xcassets */; };
		6987A9772A79E54500F5DC84 /* Preview Assets.xcassets in Resources */ = {isa = PBXBuildFile; fileRef = 6987A9762A79E54500F5DC84 /* Preview Assets.xcassets */; };
		6987A9812A79E54500F5DC84 /* SwiftGramTests.swift in Sources */ = {isa = PBXBuildFile; fileRef = 6987A9802A79E54500F5DC84 /* SwiftGramTests.swift */; };
		6987A98B2A79E54500F5DC84 /* SwiftGramUITests.swift in Sources */ = {isa = PBXBuildFile; fileRef = 6987A98A2A79E54500F5DC84 /* SwiftGramUITests.swift */; };
		6987A98D2A79E54500F5DC84 /* SwiftGramUITestsLaunchTests.swift in Sources */ = {isa = PBXBuildFile; fileRef = 6987A98C2A79E54500F5DC84 /* SwiftGramUITestsLaunchTests.swift */; };
/* End PBXBuildFile section */

/* Begin PBXContainerItemProxy section */
		6987A97D2A79E54500F5DC84 /* PBXContainerItemProxy */ = {
			isa = PBXContainerItemProxy;
			containerPortal = 6987A9622A79E54200F5DC84 /* Project object */;
			proxyType = 1;
			remoteGlobalIDString = 6987A9692A79E54200F5DC84;
			remoteInfo = SwiftGram;
		};
		6987A9872A79E54500F5DC84 /* PBXContainerItemProxy */ = {
			isa = PBXContainerItemProxy;
			containerPortal = 6987A9622A79E54200F5DC84 /* Project object */;
			proxyType = 1;
			remoteGlobalIDString = 6987A9692A79E54200F5DC84;
			remoteInfo = SwiftGram;
		};
/* End PBXContainerItemProxy section */

/* Begin PBXFileReference section */
		6987A96A2A79E54200F5DC84 /* SwiftGram.app */ = {isa = PBXFileReference; explicitFileType = wrapper.application; includeInIndex = 0; path = SwiftGram.app; sourceTree = BUILT_PRODUCTS_DIR; };
		6987A96D2A79E54200F5DC84 /* SwiftGramApp.swift */ = {isa = PBXFileReference; lastKnownFileType = sourcecode.swift; path = SwiftGramApp.swift; sourceTree = "<group>"; };
		6987A96F2A79E54200F5DC84 /* ContentView.swift */ = {isa = PBXFileReference; lastKnownFileType = sourcecode.swift; path = ContentView.swift; sourceTree = "<group>"; };
		6987A9712A79E54200F5DC84 /* Item.swift */ = {isa = PBXFileReference; lastKnownFileType = sourcecode.swift; path = Item.swift; sourceTree = "<group>"; };
		6987A9732A79E54500F5DC84 /* Assets.xcassets */ = {isa = PBXFileReference; lastKnownFileType = folder.assetcatalog; path = Assets.xcassets; sourceTree = "<group>"; };
		6987A9762A79E54500F5DC84 /* Preview Assets.xcassets */ = {isa = PBXFileReference; lastKnownFileType = folder.assetcatalog; path = "Preview Assets.xcassets"; sourceTree = "<group>"; };
		6987A97C2A79E54500F5DC84 /* SwiftGramTests.xctest */ = {isa = PBXFileReference; explicitFileType = wrapper.cfbundle; includeInIndex = 0; path = SwiftGramTests.xctest; sourceTree = BUILT_PRODUCTS_DIR; };
		6987A9802A79E54500F5DC84 /* SwiftGramTests.swift */ = {isa = PBXFileReference; lastKnownFileType = sourcecode.swift; path = SwiftGramTests.swift; sourceTree = "<group>"; };
		6987A9862A79E54500F5DC84 /* SwiftGramUITests.xctest */ = {isa = PBXFileReference; explicitFileType = wrapper.cfbundle; includeInIndex = 0; path = SwiftGramUITests.xctest; sourceTree = BUILT_PRODUCTS_DIR; };
		6987A98A2A79E54500F5DC84 /* SwiftGramUITests.swift */ = {isa = PBXFileReference; lastKnownFileType = sourcecode.swift; path = SwiftGramUITests.swift; sourceTree = "<group>"; };
		6987A98C2A79E54500F5DC84 /* SwiftGramUITestsLaunchTests.swift */ = {isa = PBXFileReference; lastKnownFileType = sourcecode.swift; path = SwiftGramUITestsLaunchTests.swift; sourceTree = "<group>"; };
		6987A9992A79E65100F5DC84 /* SwiftGramKit */ = {isa = PBXFileReference; lastKnownFileType = wrapper; path = SwiftGramKit; sourceTree = "<group>"; };
/* End PBXFileReference section */

/* Begin PBXFrameworksBuildPhase section */
		6987A9672A79E54200F5DC84 /* Frameworks */ = {
			isa = PBXFrameworksBuildPhase;
			buildActionMask = 2147483647;
			files = (
			);
			runOnlyForDeploymentPostprocessing = 0;
		};
		6987A9792A79E54500F5DC84 /* Frameworks */ = {
			isa = PBXFrameworksBuildPhase;
			buildActionMask = 2147483647;
			files = (
			);
			runOnlyForDeploymentPostprocessing = 0;
		};
		6987A9832A79E54500F5DC84 /* Frameworks */ = {
			isa = PBXFrameworksBuildPhase;
			buildActionMask = 2147483647;
			files = (
			);
			runOnlyForDeploymentPostprocessing = 0;
		};
/* End PBXFrameworksBuildPhase section */

/* Begin PBXGroup section */
		6987A9612A79E54200F5DC84 = {
			isa = PBXGroup;
			children = (
				6987A9992A79E65100F5DC84 /* SwiftGramKit */,
				6987A96C2A79E54200F5DC84 /* SwiftGram */,
				6987A97F2A79E54500F5DC84 /* SwiftGramTests */,
				6987A9892A79E54500F5DC84 /* SwiftGramUITests */,
				6987A96B2A79E54200F5DC84 /* Products */,
			);
			sourceTree = "<group>";
		};
		6987A96B2A79E54200F5DC84 /* Products */ = {
			isa = PBXGroup;
			children = (
				6987A96A2A79E54200F5DC84 /* SwiftGram.app */,
				6987A97C2A79E54500F5DC84 /* SwiftGramTests.xctest */,
				6987A9862A79E54500F5DC84 /* SwiftGramUITests.xctest */,
			);
			name = Products;
			sourceTree = "<group>";
		};
		6987A96C2A79E54200F5DC84 /* SwiftGram */ = {
			isa = PBXGroup;
			children = (
				6987A96D2A79E54200F5DC84 /* SwiftGramApp.swift */,
				6987A96F2A79E54200F5DC84 /* ContentView.swift */,
				6987A9712A79E54200F5DC84 /* Item.swift */,
				6987A9732A79E54500F5DC84 /* Assets.xcassets */,
				6987A9752A79E54500F5DC84 /* Preview Content */,
			);
			path = SwiftGram;
			sourceTree = "<group>";
		};
		6987A9752A79E54500F5DC84 /* Preview Content */ = {
			isa = PBXGroup;
			children = (
				6987A9762A79E54500F5DC84 /* Preview Assets.xcassets */,
			);
			path = "Preview Content";
			sourceTree = "<group>";
		};
		6987A97F2A79E54500F5DC84 /* SwiftGramTests */ = {
			isa = PBXGroup;
			children = (
				6987A9802A79E54500F5DC84 /* SwiftGramTests.swift */,
			);
			path = SwiftGramTests;
			sourceTree = "<group>";
		};
		6987A9892A79E54500F5DC84 /* SwiftGramUITests */ = {
			isa = PBXGroup;
			children = (
				6987A98A2A79E54500F5DC84 /* SwiftGramUITests.swift */,
				6987A98C2A79E54500F5DC84 /* SwiftGramUITestsLaunchTests.swift */,
			);
			path = SwiftGramUITests;
			sourceTree = "<group>";
		};
/* End PBXGroup section */

/* Begin PBXNativeTarget section */
		6987A9692A79E54200F5DC84 /* SwiftGram */ = {
			isa = PBXNativeTarget;
			buildConfigurationList = 6987A9902A79E54500F5DC84 /* Build configuration list for PBXNativeTarget "SwiftGram" */;
			buildPhases = (
				6987A9662A79E54200F5DC84 /* Sources */,
				6987A9672A79E54200F5DC84 /* Frameworks */,
				6987A9682A79E54200F5DC84 /* Resources */,
			);
			buildRules = (
			);
			dependencies = (
			);
			name = SwiftGram;
			productName = SwiftGram;
			productReference = 6987A96A2A79E54200F5DC84 /* SwiftGram.app */;
			productType = "com.apple.product-type.application";
		};
		6987A97B2A79E54500F5DC84 /* SwiftGramTests */ = {
			isa = PBXNativeTarget;
			buildConfigurationList = 6987A9932A79E54500F5DC84 /* Build configuration list for PBXNativeTarget "SwiftGramTests" */;
			buildPhases = (
				6987A9782A79E54500F5DC84 /* Sources */,
				6987A9792A79E54500F5DC84 /* Frameworks */,
				6987A97A2A79E54500F5DC84 /* Resources */,
			);
			buildRules = (
			);
			dependencies = (
				6987A97E2A79E54500F5DC84 /* PBXTargetDependency */,
			);
			name = SwiftGramTests;
			productName = SwiftGramTests;
			productReference = 6987A97C2A79E54500F5DC84 /* SwiftGramTests.xctest */;
			productType = "com.apple.product-type.bundle.unit-test";
		};
		6987A9852A79E54500F5DC84 /* SwiftGramUITests */ = {
			isa = PBXNativeTarget;
			buildConfigurationList = 6987A9962A79E54500F5DC84 /* Build configuration list for PBXNativeTarget "SwiftGramUITests" */;
			buildPhases = (
				6987A9822A79E54500F5DC84 /* Sources */,
				6987A9832A79E54500F5DC84 /* Frameworks */,
				6987A9842A79E54500F5DC84 /* Resources */,
			);
			buildRules = (
			);
			dependencies = (
				6987A9882A79E54500F5DC84 /* PBXTargetDependency */,
			);
			name = SwiftGramUITests;
			productName = SwiftGramUITests;
			productReference = 6987A9862A79E54500F5DC84 /* SwiftGramUITests.xctest */;
			productType = "com.apple.product-type.bundle.ui-testing";
		};
/* End PBXNativeTarget section */

/* Begin PBXProject section */
		6987A9622A79E54200F5DC84 /* Project object */ = {
			isa = PBXProject;
			attributes = {
				BuildIndependentTargetsInParallel = 1;
				LastSwiftUpdateCheck = 1500;
				LastUpgradeCheck = 1500;
				TargetAttributes = {
					6987A9692A79E54200F5DC84 = {
						CreatedOnToolsVersion = 15.0;
					};
					6987A97B2A79E54500F5DC84 = {
						CreatedOnToolsVersion = 15.0;
						TestTargetID = 6987A9692A79E54200F5DC84;
					};
					6987A9852A79E54500F5DC84 = {
						CreatedOnToolsVersion = 15.0;
						TestTargetID = 6987A9692A79E54200F5DC84;
					};
				};
			};
			buildConfigurationList = 6987A9652A79E54200F5DC84 /* Build configuration list for PBXProject "SwiftGram" */;
			compatibilityVersion = "Xcode 14.0";
			developmentRegion = en;
			hasScannedForEncodings = 0;
			knownRegions = (
				en,
				Base,
			);
			mainGroup = 6987A9612A79E54200F5DC84;
			productRefGroup = 6987A96B2A79E54200F5DC84 /* Products */;
			projectDirPath = "";
			projectRoot = "";
			targets = (
				6987A9692A79E54200F5DC84 /* SwiftGram */,
				6987A97B2A79E54500F5DC84 /* SwiftGramTests */,
				6987A9852A79E54500F5DC84 /* SwiftGramUITests */,
			);
		};
/* End PBXProject section */

/* Begin PBXResourcesBuildPhase section */
		6987A9682A79E54200F5DC84 /* Resources */ = {
			isa = PBXResourcesBuildPhase;
			buildActionMask = 2147483647;
			files = (
				6987A9772A79E54500F5DC84 /* Preview Assets.xcassets in Resources */,
				6987A9742A79E54500F5DC84 /* Assets.xcassets in Resources */,
			);
			runOnlyForDeploymentPostprocessing = 0;
		};
		6987A97A2A79E54500F5DC84 /* Resources */ = {
			isa = PBXResourcesBuildPhase;
			buildActionMask = 2147483647;
			files = (
			);
			runOnlyForDeploymentPostprocessing = 0;
		};
		6987A9842A79E54500F5DC84 /* Resources */ = {
			isa = PBXResourcesBuildPhase;
			buildActionMask = 2147483647;
			files = (
			);
			runOnlyForDeploymentPostprocessing = 0;
		};
/* End PBXResourcesBuildPhase section */

/* Begin PBXSourcesBuildPhase section */
		6987A9662A79E54200F5DC84 /* Sources */ = {
			isa = PBXSourcesBuildPhase;
			buildActionMask = 2147483647;
			files = (
				6987A9702A79E54200F5DC84 /* ContentView.swift in Sources */,
				6987A9722A79E54200F5DC84 /* Item.swift in Sources */,
				6987A96E2A79E54200F5DC84 /* SwiftGramApp.swift in Sources */,
			);
			runOnlyForDeploymentPostprocessing = 0;
		};
		6987A9782A79E54500F5DC84 /* Sources */ = {
			isa = PBXSourcesBuildPhase;
			buildActionMask = 2147483647;
			files = (
				6987A9812A79E54500F5DC84 /* SwiftGramTests.swift in Sources */,
			);
			runOnlyForDeploymentPostprocessing = 0;
		};
		6987A9822A79E54500F5DC84 /* Sources */ = {
			isa = PBXSourcesBuildPhase;
			buildActionMask = 2147483647;
			files = (
				6987A98B2A79E54500F5DC84 /* SwiftGramUITests.swift in Sources */,
				6987A98D2A79E54500F5DC84 /* SwiftGramUITestsLaunchTests.swift in Sources */,
			);
			runOnlyForDeploymentPostprocessing = 0;
		};
/* End PBXSourcesBuildPhase section */

/* Begin PBXTargetDependency section */
		6987A97E2A79E54500F5DC84 /* PBXTargetDependency */ = {
			isa = PBXTargetDependency;
			target = 6987A9692A79E54200F5DC84 /* SwiftGram */;
			targetProxy = 6987A97D2A79E54500F5DC84 /* PBXContainerItemProxy */;
		};
		6987A9882A79E54500F5DC84 /* PBXTargetDependency */ = {
			isa = PBXTargetDependency;
			target = 6987A9692A79E54200F5DC84 /* SwiftGram */;
			targetProxy = 6987A9872A79E54500F5DC84 /* PBXContainerItemProxy */;
		};
/* End PBXTargetDependency section */

/* Begin XCBuildConfiguration section */
		6987A98E2A79E54500F5DC84 /* Debug */ = {
			isa = XCBuildConfiguration;
			buildSettings = {
				ALWAYS_SEARCH_USER_PATHS = NO;
				ASSETCATALOG_COMPILER_GENERATE_SWIFT_ASSET_SYMBOL_EXTENSIONS = YES;
				CLANG_ANALYZER_NONNULL = YES;
				CLANG_ANALYZER_NUMBER_OBJECT_CONVERSION = YES_AGGRESSIVE;
				CLANG_CXX_LANGUAGE_STANDARD = "gnu++20";
				CLANG_ENABLE_MODULES = YES;
				CLANG_ENABLE_OBJC_ARC = YES;
				CLANG_ENABLE_OBJC_WEAK = YES;
				CLANG_WARN_BLOCK_CAPTURE_AUTORELEASING = YES;
				CLANG_WARN_BOOL_CONVERSION = YES;
				CLANG_WARN_COMMA = YES;
				CLANG_WARN_CONSTANT_CONVERSION = YES;
				CLANG_WARN_DEPRECATED_OBJC_IMPLEMENTATIONS = YES;
				CLANG_WARN_DIRECT_OBJC_ISA_USAGE = YES_ERROR;
				CLANG_WARN_DOCUMENTATION_COMMENTS = YES;
				CLANG_WARN_EMPTY_BODY = YES;
				CLANG_WARN_ENUM_CONVERSION = YES;
				CLANG_WARN_INFINITE_RECURSION = YES;
				CLANG_WARN_INT_CONVERSION = YES;
				CLANG_WARN_NON_LITERAL_NULL_CONVERSION = YES;
				CLANG_WARN_OBJC_IMPLICIT_RETAIN_SELF = YES;
				CLANG_WARN_OBJC_LITERAL_CONVERSION = YES;
				CLANG_WARN_OBJC_ROOT_CLASS = YES_ERROR;
				CLANG_WARN_QUOTED_INCLUDE_IN_FRAMEWORK_HEADER = YES;
				CLANG_WARN_RANGE_LOOP_ANALYSIS = YES;
				CLANG_WARN_STRICT_PROTOTYPES = YES;
				CLANG_WARN_SUSPICIOUS_MOVE = YES;
				CLANG_WARN_UNGUARDED_AVAILABILITY = YES_AGGRESSIVE;
				CLANG_WARN_UNREACHABLE_CODE = YES;
				CLANG_WARN__DUPLICATE_METHOD_MATCH = YES;
				COPY_PHASE_STRIP = NO;
				DEBUG_INFORMATION_FORMAT = dwarf;
				ENABLE_STRICT_OBJC_MSGSEND = YES;
				ENABLE_TESTABILITY = YES;
				ENABLE_USER_SCRIPT_SANDBOXING = YES;
				GCC_C_LANGUAGE_STANDARD = gnu17;
				GCC_DYNAMIC_NO_PIC = NO;
				GCC_NO_COMMON_BLOCKS = YES;
				GCC_OPTIMIZATION_LEVEL = 0;
				GCC_PREPROCESSOR_DEFINITIONS = (
					"DEBUG=1",
					"$(inherited)",
				);
				GCC_WARN_64_TO_32_BIT_CONVERSION = YES;
				GCC_WARN_ABOUT_RETURN_TYPE = YES_ERROR;
				GCC_WARN_UNDECLARED_SELECTOR = YES;
				GCC_WARN_UNINITIALIZED_AUTOS = YES_AGGRESSIVE;
				GCC_WARN_UNUSED_FUNCTION = YES;
				GCC_WARN_UNUSED_VARIABLE = YES;
				IPHONEOS_DEPLOYMENT_TARGET = 17.0;
				LOCALIZATION_PREFERS_STRING_CATALOGS = YES;
				MTL_ENABLE_DEBUG_INFO = INCLUDE_SOURCE;
				MTL_FAST_MATH = YES;
				ONLY_ACTIVE_ARCH = YES;
				SDKROOT = iphoneos;
				SWIFT_ACTIVE_COMPILATION_CONDITIONS = "DEBUG $(inherited)";
				SWIFT_OPTIMIZATION_LEVEL = "-Onone";
			};
			name = Debug;
		};
		6987A98F2A79E54500F5DC84 /* Release */ = {
			isa = XCBuildConfiguration;
			buildSettings = {
				ALWAYS_SEARCH_USER_PATHS = NO;
				ASSETCATALOG_COMPILER_GENERATE_SWIFT_ASSET_SYMBOL_EXTENSIONS = YES;
				CLANG_ANALYZER_NONNULL = YES;
				CLANG_ANALYZER_NUMBER_OBJECT_CONVERSION = YES_AGGRESSIVE;
				CLANG_CXX_LANGUAGE_STANDARD = "gnu++20";
				CLANG_ENABLE_MODULES = YES;
				CLANG_ENABLE_OBJC_ARC = YES;
				CLANG_ENABLE_OBJC_WEAK = YES;
				CLANG_WARN_BLOCK_CAPTURE_AUTORELEASING = YES;
				CLANG_WARN_BOOL_CONVERSION = YES;
				CLANG_WARN_COMMA = YES;
				CLANG_WARN_CONSTANT_CONVERSION = YES;
				CLANG_WARN_DEPRECATED_OBJC_IMPLEMENTATIONS = YES;
				CLANG_WARN_DIRECT_OBJC_ISA_USAGE = YES_ERROR;
				CLANG_WARN_DOCUMENTATION_COMMENTS = YES;
				CLANG_WARN_EMPTY_BODY = YES;
				CLANG_WARN_ENUM_CONVERSION = YES;
				CLANG_WARN_INFINITE_RECURSION = YES;
				CLANG_WARN_INT_CONVERSION = YES;
				CLANG_WARN_NON_LITERAL_NULL_CONVERSION = YES;
				CLANG_WARN_OBJC_IMPLICIT_RETAIN_SELF = YES;
				CLANG_WARN_OBJC_LITERAL_CONVERSION = YES;
				CLANG_WARN_OBJC_ROOT_CLASS = YES_ERROR;
				CLANG_WARN_QUOTED_INCLUDE_IN_FRAMEWORK_HEADER = YES;
				CLANG_WARN_RANGE_LOOP_ANALYSIS = YES;
				CLANG_WARN_STRICT_PROTOTYPES = YES;
				CLANG_WARN_SUSPICIOUS_MOVE = YES;
				CLANG_WARN_UNGUARDED_AVAILABILITY = YES_AGGRESSIVE;
				CLANG_WARN_UNREACHABLE_CODE = YES;
				CLANG_WARN__DUPLICATE_METHOD_MATCH = YES;
				COPY_PHASE_STRIP = NO;
				DEBUG_INFORMATION_FORMAT = "dwarf-with-dsym";
				ENABLE_NS_ASSERTIONS = NO;
				ENABLE_STRICT_OBJC_MSGSEND = YES;
				ENABLE_USER_SCRIPT_SANDBOXING = YES;
				GCC_C_LANGUAGE_STANDARD = gnu17;
				GCC_NO_COMMON_BLOCKS = YES;
				GCC_WARN_64_TO_32_BIT_CONVERSION = YES;
				GCC_WARN_ABOUT_RETURN_TYPE = YES_ERROR;
				GCC_WARN_UNDECLARED_SELECTOR = YES;
				GCC_WARN_UNINITIALIZED_AUTOS = YES_AGGRESSIVE;
				GCC_WARN_UNUSED_FUNCTION = YES;
				GCC_WARN_UNUSED_VARIABLE = YES;
				IPHONEOS_DEPLOYMENT_TARGET = 17.0;
				LOCALIZATION_PREFERS_STRING_CATALOGS = YES;
				MTL_ENABLE_DEBUG_INFO = NO;
				MTL_FAST_MATH = YES;
				SDKROOT = iphoneos;
				SWIFT_COMPILATION_MODE = wholemodule;
				VALIDATE_PRODUCT = YES;
			};
			name = Release;
		};
		6987A9912A79E54500F5DC84 /* Debug */ = {
			isa = XCBuildConfiguration;
			buildSettings = {
				ASSETCATALOG_COMPILER_APPICON_NAME = AppIcon;
				ASSETCATALOG_COMPILER_GLOBAL_ACCENT_COLOR_NAME = AccentColor;
				CODE_SIGN_STYLE = Automatic;
				CURRENT_PROJECT_VERSION = 1;
				DEVELOPMENT_ASSET_PATHS = "\"SwiftGram/Preview Content\"";
				DEVELOPMENT_TEAM = ZDK82FGR3Z;
				ENABLE_PREVIEWS = YES;
				GENERATE_INFOPLIST_FILE = YES;
				INFOPLIST_KEY_UIApplicationSceneManifest_Generation = YES;
				INFOPLIST_KEY_UIApplicationSupportsIndirectInputEvents = YES;
				INFOPLIST_KEY_UILaunchScreen_Generation = YES;
				INFOPLIST_KEY_UISupportedInterfaceOrientations_iPad = "UIInterfaceOrientationPortrait UIInterfaceOrientationPortraitUpsideDown UIInterfaceOrientationLandscapeLeft UIInterfaceOrientationLandscapeRight";
				INFOPLIST_KEY_UISupportedInterfaceOrientations_iPhone = "UIInterfaceOrientationPortrait UIInterfaceOrientationLandscapeLeft UIInterfaceOrientationLandscapeRight";
				LD_RUNPATH_SEARCH_PATHS = (
					"$(inherited)",
					"@executable_path/Frameworks",
				);
				MARKETING_VERSION = 1.0;
				PRODUCT_BUNDLE_IDENTIFIER = dev.cctplus.SwiftGram;
				PRODUCT_NAME = "$(TARGET_NAME)";
				SWIFT_EMIT_LOC_STRINGS = YES;
				SWIFT_VERSION = 5.0;
				TARGETED_DEVICE_FAMILY = "1,2";
			};
			name = Debug;
		};
		6987A9922A79E54500F5DC84 /* Release */ = {
			isa = XCBuildConfiguration;
			buildSettings = {
				ASSETCATALOG_COMPILER_APPICON_NAME = AppIcon;
				ASSETCATALOG_COMPILER_GLOBAL_ACCENT_COLOR_NAME = AccentColor;
				CODE_SIGN_STYLE = Automatic;
				CURRENT_PROJECT_VERSION = 1;
				DEVELOPMENT_ASSET_PATHS = "\"SwiftGram/Preview Content\"";
				DEVELOPMENT_TEAM = ZDK82FGR3Z;
				ENABLE_PREVIEWS = YES;
				GENERATE_INFOPLIST_FILE = YES;
				INFOPLIST_KEY_UIApplicationSceneManifest_Generation = YES;
				INFOPLIST_KEY_UIApplicationSupportsIndirectInputEvents = YES;
				INFOPLIST_KEY_UILaunchScreen_Generation = YES;
				INFOPLIST_KEY_UISupportedInterfaceOrientations_iPad = "UIInterfaceOrientationPortrait UIInterfaceOrientationPortraitUpsideDown UIInterfaceOrientationLandscapeLeft UIInterfaceOrientationLandscapeRight";
				INFOPLIST_KEY_UISupportedInterfaceOrientations_iPhone = "UIInterfaceOrientationPortrait UIInterfaceOrientationLandscapeLeft UIInterfaceOrientationLandscapeRight";
				LD_RUNPATH_SEARCH_PATHS = (
					"$(inherited)",
					"@executable_path/Frameworks",
				);
				MARKETING_VERSION = 1.0;
				PRODUCT_BUNDLE_IDENTIFIER = dev.cctplus.SwiftGram;
				PRODUCT_NAME = "$(TARGET_NAME)";
				SWIFT_EMIT_LOC_STRINGS = YES;
				SWIFT_VERSION = 5.0;
				TARGETED_DEVICE_FAMILY = "1,2";
			};
			name = Release;
		};
		6987A9942A79E54500F5DC84 /* Debug */ = {
			isa = XCBuildConfiguration;
			buildSettings = {
				ALWAYS_EMBED_SWIFT_STANDARD_LIBRARIES = YES;
				BUNDLE_LOADER = "$(TEST_HOST)";
				CODE_SIGN_STYLE = Automatic;
				CURRENT_PROJECT_VERSION = 1;
				DEVELOPMENT_TEAM = ZDK82FGR3Z;
				GENERATE_INFOPLIST_FILE = YES;
				IPHONEOS_DEPLOYMENT_TARGET = 17.0;
				MARKETING_VERSION = 1.0;
				PRODUCT_BUNDLE_IDENTIFIER = dev.cctplus.SwiftGramTests;
				PRODUCT_NAME = "$(TARGET_NAME)";
				SWIFT_EMIT_LOC_STRINGS = NO;
				SWIFT_VERSION = 5.0;
				TARGETED_DEVICE_FAMILY = "1,2";
				TEST_HOST = "$(BUILT_PRODUCTS_DIR)/SwiftGram.app/$(BUNDLE_EXECUTABLE_FOLDER_PATH)/SwiftGram";
			};
			name = Debug;
		};
		6987A9952A79E54500F5DC84 /* Release */ = {
			isa = XCBuildConfiguration;
			buildSettings = {
				ALWAYS_EMBED_SWIFT_STANDARD_LIBRARIES = YES;
				BUNDLE_LOADER = "$(TEST_HOST)";
				CODE_SIGN_STYLE = Automatic;
				CURRENT_PROJECT_VERSION = 1;
				DEVELOPMENT_TEAM = ZDK82FGR3Z;
				GENERATE_INFOPLIST_FILE = YES;
				IPHONEOS_DEPLOYMENT_TARGET = 17.0;
				MARKETING_VERSION = 1.0;
				PRODUCT_BUNDLE_IDENTIFIER = dev.cctplus.SwiftGramTests;
				PRODUCT_NAME = "$(TARGET_NAME)";
				SWIFT_EMIT_LOC_STRINGS = NO;
				SWIFT_VERSION = 5.0;
				TARGETED_DEVICE_FAMILY = "1,2";
				TEST_HOST = "$(BUILT_PRODUCTS_DIR)/SwiftGram.app/$(BUNDLE_EXECUTABLE_FOLDER_PATH)/SwiftGram";
			};
			name = Release;
		};
		6987A9972A79E54500F5DC84 /* Debug */ = {
			isa = XCBuildConfiguration;
			buildSettings = {
				ALWAYS_EMBED_SWIFT_STANDARD_LIBRARIES = YES;
				CODE_SIGN_STYLE = Automatic;
				CURRENT_PROJECT_VERSION = 1;
				DEVELOPMENT_TEAM = ZDK82FGR3Z;
				GENERATE_INFOPLIST_FILE = YES;
				MARKETING_VERSION = 1.0;
				PRODUCT_BUNDLE_IDENTIFIER = dev.cctplus.SwiftGramUITests;
				PRODUCT_NAME = "$(TARGET_NAME)";
				SWIFT_EMIT_LOC_STRINGS = NO;
				SWIFT_VERSION = 5.0;
				TARGETED_DEVICE_FAMILY = "1,2";
				TEST_TARGET_NAME = SwiftGram;
			};
			name = Debug;
		};
		6987A9982A79E54500F5DC84 /* Release */ = {
			isa = XCBuildConfiguration;
			buildSettings = {
				ALWAYS_EMBED_SWIFT_STANDARD_LIBRARIES = YES;
				CODE_SIGN_STYLE = Automatic;
				CURRENT_PROJECT_VERSION = 1;
				DEVELOPMENT_TEAM = ZDK82FGR3Z;
				GENERATE_INFOPLIST_FILE = YES;
				MARKETING_VERSION = 1.0;
				PRODUCT_BUNDLE_IDENTIFIER = dev.cctplus.SwiftGramUITests;
				PRODUCT_NAME = "$(TARGET_NAME)";
				SWIFT_EMIT_LOC_STRINGS = NO;
				SWIFT_VERSION = 5.0;
				TARGETED_DEVICE_FAMILY = "1,2";
				TEST_TARGET_NAME = SwiftGram;
			};
			name = Release;
		};
/* End XCBuildConfiguration section */

/* Begin XCConfigurationList section */
		6987A9652A79E54200F5DC84 /* Build configuration list for PBXProject "SwiftGram" */ = {
			isa = XCConfigurationList;
			buildConfigurations = (
				6987A98E2A79E54500F5DC84 /* Debug */,
				6987A98F2A79E54500F5DC84 /* Release */,
			);
			defaultConfigurationIsVisible = 0;
			defaultConfigurationName = Release;
		};
		6987A9902A79E54500F5DC84 /* Build configuration list for PBXNativeTarget "SwiftGram" */ = {
			isa = XCConfigurationList;
			buildConfigurations = (
				6987A9912A79E54500F5DC84 /* Debug */,
				6987A9922A79E54500F5DC84 /* Release */,
			);
			defaultConfigurationIsVisible = 0;
			defaultConfigurationName = Release;
		};
		6987A9932A79E54500F5DC84 /* Build configuration list for PBXNativeTarget "SwiftGramTests" */ = {
			isa = XCConfigurationList;
			buildConfigurations = (
				6987A9942A79E54500F5DC84 /* Debug */,
				6987A9952A79E54500F5DC84 /* Release */,
			);
			defaultConfigurationIsVisible = 0;
			defaultConfigurationName = Release;
		};
		6987A9962A79E54500F5DC84 /* Build configuration list for PBXNativeTarget "SwiftGramUITests" */ = {
			isa = XCConfigurationList;
			buildConfigurations = (
				6987A9972A79E54500F5DC84 /* Debug */,
				6987A9982A79E54500F5DC84 /* Release */,
			);
			defaultConfigurationIsVisible = 0;
			defaultConfigurationName = Release;
		};
/* End XCConfigurationList section */
	};
	rootObject = 6987A9622A79E54200F5DC84 /* Project object */;
}
